{
  "version": 4,
  "terraform_version": "1.14.3",
  "serial": 23,
  "lineage": "ad3431a2-22a6-cc39-6c8f-d9d5d13412e3",
  "outputs": {
    "files_created": {
      "value": {
        "dev": "dev.txt",
        "prod": "prod.txt",
        "test": "test.txt"
      },
      "type": [
        "object",
        {
          "dev": "string",
          "prod": "string",
          "test": "string"
        }
      ]
    }
  },
  "resources": [
    {
      "mode": "managed",
      "type": "local_file",
      "name": "hello",
      "provider": "provider[\"registry.terraform.io/hashicorp/local\"]",
      "instances": [
        {
          "index_key": "dev",
          "schema_version": 0,
          "attributes": {
            "content": "Development environment",
            "content_base64": null,
            "content_base64sha256": "it3WMaq7UEHIr0dilz8MDZk7t5WxfulCzDSkG1uX4Gc=",
            "content_base64sha512": "jxCXEZykFErEhs7P3g3Arnl/8JqQ9dtQ3uXxGlImd5NrMSYlm3c2cNGqgri95MA2XXEeNOqCk7mlY5PqtxENdg==",
            "content_md5": "6b3b0440b835d901050393db393ca743",
            "content_sha1": "e99a087024263f55df4075593a3e45d2efec12e1",
            "content_sha256": "8addd631aabb5041c8af4762973f0c0d993bb795b17ee942cc34a41b5b97e067",
            "content_sha512": "8f1097119ca4144ac486cecfde0dc0ae797ff09a90f5db50dee5f11a522677936b3126259b773670d1aa82b8bde4c0365d711e34ea8293b9a56393eab7110d76",
            "directory_permission": "0777",
            "file_permission": "0777",
            "filename": "dev.txt",
            "id": "e99a087024263f55df4075593a3e45d2efec12e1",
            "sensitive_content": null,
            "source": null
          },
          "sensitive_attributes": [
            [
              {
                "type": "get_attr",
                "value": "sensitive_content"
              }
            ]
          ],
          "identity_schema_version": 0
        },
        {
          "index_key": "prod",
          "schema_version": 0,
          "attributes": {
            "content": "Production environment",
            "content_base64": null,
            "content_base64sha256": "ZzlfRil3LDHe0svtOYQ7Xh+pJWUmvBdjMpjKxKGGTk0=",
            "content_base64sha512": "HGcfEm9Q2PE4x3C845kly6rZp/lp+n3OUU7WzBwSwmrDhmU7Yuc0VPNmTAy12daNLpxo1L9W2qotvPI7w3VWcw==",
            "content_md5": "89285d428891f0338cae04e91b396813",
            "content_sha1": "56223686673ea90d19b3ea6af806ce8932aa208a",
            "content_sha256": "67395f4629772c31ded2cbed39843b5e1fa9256526bc17633298cac4a1864e4d",
            "content_sha512": "1c671f126f50d8f138c770bce39925cbaad9a7f969fa7dce514ed6cc1c12c26ac386653b62e73454f3664c0cb5d9d68d2e9c68d4bf56daaa2dbcf23bc3755673",
            "directory_permission": "0777",
            "file_permission": "0777",
            "filename": "prod.txt",
            "id": "56223686673ea90d19b3ea6af806ce8932aa208a",
            "sensitive_content": null,
            "source": null
          },
          "sensitive_attributes": [
            [
              {
                "type": "get_attr",
                "value": "sensitive_content"
              }
            ]
          ],
          "identity_schema_version": 0
        },
        {
          "index_key": "test",
          "schema_version": 0,
          "attributes": {
            "content": "Testing environment",
            "content_base64": null,
            "content_base64sha256": "1EMupcdb30Iy39kkiC/IQiKx+Fl4NIbgXNAgpG4nVlg=",
            "content_base64sha512": "meP6YJ0fKju0Mvvc42TbI4wDpLzFrhNHrWxVZNy5wsJY2xmBaSDZ0QxfVrYEkTw1zDn52D2vu140wSDhuvJOxw==",
            "content_md5": "6b5690a29af233c9f94d6478850e5da5",
            "content_sha1": "5a920fba2015653c23857e198bd072ca10574fe0",
            "content_sha256": "d4432ea5c75bdf4232dfd924882fc84222b1f859783486e05cd020a46e275658",
            "content_sha512": "99e3fa609d1f2a3bb432fbdce364db238c03a4bcc5ae1347ad6c5564dcb9c2c258db19816920d9d10c5f56b604913c35cc39f9d83dafbb5e34c120e1baf24ec7",
            "directory_permission": "0777",
            "file_permission": "0777",
            "filename": "test.txt",
            "id": "5a920fba2015653c23857e198bd072ca10574fe0",
            "sensitive_content": null,
            "source": null
          },
          "sensitive_attributes": [
            [
              {
                "type": "get_attr",
                "value": "sensitive_content"
              }
            ]
          ],
          "identity_schema_version": 0
        }
      ]
    }
  ],
  "check_results": null
}
