{
  "version": 4,
  "terraform_version": "1.14.3",
  "serial": 7,
  "lineage": "ad3431a2-22a6-cc39-6c8f-d9d5d13412e3",
  "outputs": {
    "file_name": {
      "value": "hello.txt",
      "type": "string"
    }
  },
  "resources": [
    {
      "mode": "managed",
      "type": "local_file",
      "name": "hello",
      "provider": "provider[\"registry.terraform.io/hashicorp/local\"]",
      "instances": [
        {
          "schema_version": 0,
          "attributes": {
            "content": "\"Terraform plan apply\"",
            "content_base64": null,
            "content_base64sha256": "lfg5QoI7N2CpX1936n5Kjk/LtCV2JBl4U/6ttxqEQLU=",
            "content_base64sha512": "6ngZ59ufP9+88kg+wNSCalASjeOl7j/EeZnCYL/sL3TCb7Gh465/zhoc0HaUqnuIBWbPfZJVqV28oXHrr5Z+Qw==",
            "content_md5": "633784dfee0629837f38464b67eeed88",
            "content_sha1": "7f29e1f81fd169e056accf1e995de9a400f2e471",
            "content_sha256": "95f83942823b3760a95f5f77ea7e4a8e4fcbb4257624197853feadb71a8440b5",
            "content_sha512": "ea7819e7db9f3fdfbcf2483ec0d4826a50128de3a5ee3fc47999c260bfec2f74c26fb1a1e3ae7fce1a1cd07694aa7b880566cf7d9255a95dbca171ebaf967e43",
            "directory_permission": "0777",
            "file_permission": "0777",
            "filename": "hello.txt",
            "id": "7f29e1f81fd169e056accf1e995de9a400f2e471",
            "sensitive_content": null,
            "source": null
          },
          "sensitive_attributes": [
            [
              {
                "type": "get_attr",
                "value": "sensitive_content"
              }
            ]
          ],
          "identity_schema_version": 0
        }
      ]
    }
  ],
  "check_results": null
}
