{
  "version": 4,
  "terraform_version": "1.14.3",
  "serial": 11,
  "lineage": "0c5269d1-feb3-4cde-c606-f120fdd49a27",
  "outputs": {
    "file_content": {
      "value": "\"Terraform full-day practice on asb1bojappdin94\"",
      "type": "string"
    },
    "file_path": {
      "value": "hello.txt",
      "type": "string"
    }
  },
  "resources": [
    {
      "mode": "managed",
      "type": "local_file",
      "name": "hello",
      "provider": "provider[\"registry.terraform.io/hashicorp/local\"]",
      "instances": [
        {
          "schema_version": 0,
          "attributes": {
            "content": "\"Terraform full-day practice on asb1bojappdin94\"",
            "content_base64": null,
            "content_base64sha256": "V6sHL6jPzatHoVD53wFZrdkH/n4SPNR9L5NGQvwhrb4=",
            "content_base64sha512": "PdE5NnXlJUE6mKx/CLfF7ey+1pw+IQqOnzhqaHYvKzu2YZ1avOXpEHTaW1rWbqlbf3Z4OhcyMwo7lmLF72DduQ==",
            "content_md5": "699a71241f3d0d7c7490aea21e23eb8f",
            "content_sha1": "8f3e09e10e1efe1b350ceba89ab6d6b12d096e4d",
            "content_sha256": "57ab072fa8cfcdab47a150f9df0159add907fe7e123cd47d2f934642fc21adbe",
            "content_sha512": "3dd1393675e525413a98ac7f08b7c5edecbed69c3e210a8e9f386a68762f2b3bb6619d5abce5e91074da5b5ad66ea95b7f76783a1732330a3b9662c5ef60ddb9",
            "directory_permission": "0777",
            "file_permission": "0777",
            "filename": "hello.txt",
            "id": "8f3e09e10e1efe1b350ceba89ab6d6b12d096e4d",
            "sensitive_content": null,
            "source": null
          },
          "sensitive_attributes": [
            [
              {
                "type": "get_attr",
                "value": "sensitive_content"
              }
            ]
          ],
          "identity_schema_version": 0
        }
      ]
    }
  ],
  "check_results": null
}
