{
  "version": 4,
  "terraform_version": "1.14.3",
  "serial": 28,
  "lineage": "ad3431a2-22a6-cc39-6c8f-d9d5d13412e3",
  "outputs": {
    "compute_output": {
      "value": "D:/terraform/compute.txt",
      "type": "string"
    }
  },
  "resources": [
    {
      "module": "module.compute",
      "mode": "managed",
      "type": "local_file",
      "name": "compute",
      "provider": "provider[\"registry.terraform.io/hashicorp/local\"]",
      "instances": [
        {
          "schema_version": 0,
          "attributes": {
            "content": "This simulates a compute resource",
            "content_base64": null,
            "content_base64sha256": "jyFubIQNi06GTqt50Km7TrgSLRqgXxPuwl0Y2u2hxZg=",
            "content_base64sha512": "xyG75VYyYr/Gea5E5/Uh2aHv7UP68JlUih7jWtN1aaOOJOItqCvzaJ03biBOfUY8sq5EZBYKQNjpu7rZAh2BVA==",
            "content_md5": "fb9838368ab9958e5d04d44102635249",
            "content_sha1": "f8424f2e0df6c3f6b2835ea51180aa6753404652",
            "content_sha256": "8f216e6c840d8b4e864eab79d0a9bb4eb8122d1aa05f13eec25d18daeda1c598",
            "content_sha512": "c721bbe5563262bfc679ae44e7f521d9a1efed43faf099548a1ee35ad37569a38e24e22da82bf3689d376e204e7d463cb2ae4464160a40d8e9bbbad9021d8154",
            "directory_permission": "0777",
            "file_permission": "0777",
            "filename": "D:/terraform/compute.txt",
            "id": "f8424f2e0df6c3f6b2835ea51180aa6753404652",
            "sensitive_content": null,
            "source": null
          },
          "sensitive_attributes": [
            [
              {
                "type": "get_attr",
                "value": "sensitive_content"
              }
            ]
          ],
          "identity_schema_version": 0
        }
      ]
    }
  ],
  "check_results": null
}
