{
  "version": 4,
  "terraform_version": "1.14.3",
  "serial": 4,
  "lineage": "ad3431a2-22a6-cc39-6c8f-d9d5d13412e3",
  "outputs": {
    "file_name": {
      "value": "hello.txt",
      "type": "string"
    }
  },
  "resources": [
    {
      "mode": "managed",
      "type": "local_file",
      "name": "hello",
      "provider": "provider[\"registry.terraform.io/hashicorp/local\"]",
      "instances": [
        {
          "schema_version": 0,
          "attributes": {
            "content": "Terraform full-day practice on asb1bojappdin94",
            "content_base64": null,
            "content_base64sha256": "8wxDi9pvnMpc/zRcpZcNyvvP0cKT3LZDSS30HNU0Hyg=",
            "content_base64sha512": "83ZfMdiOxua47OAh5RsAWRm6sLVWM/G3/Hf88lFbO2y72w22OKi+QrAGpIzJMXyDeUfG8ors8CIWB0pc5se+BQ==",
            "content_md5": "a27774c74838b581a2c201f50db6dffb",
            "content_sha1": "e421ba822d0d46cca30a338ecbb7e16f22945194",
            "content_sha256": "f30c438bda6f9cca5cff345ca5970dcafbcfd1c293dcb643492df41cd5341f28",
            "content_sha512": "f3765f31d88ec6e6b8ece021e51b005919bab0b55633f1b7fc77fcf2515b3b6cbbdb0db638a8be42b006a48cc9317c837947c6f28aecf02216074a5ce6c7be05",
            "directory_permission": "0777",
            "file_permission": "0777",
            "filename": "hello.txt",
            "id": "e421ba822d0d46cca30a338ecbb7e16f22945194",
            "sensitive_content": null,
            "source": null
          },
          "sensitive_attributes": [
            [
              {
                "type": "get_attr",
                "value": "sensitive_content"
              }
            ]
          ],
          "identity_schema_version": 0
        }
      ]
    }
  ],
  "check_results": null
}
