{
  "version": 4,
  "terraform_version": "1.14.3",
  "serial": 15,
  "lineage": "0c5269d1-feb3-4cde-c606-f120fdd49a27",
  "outputs": {},
  "resources": [
    {
      "mode": "managed",
      "type": "local_file",
      "name": "file1",
      "provider": "provider[\"registry.terraform.io/hashicorp/local\"]",
      "instances": [
        {
          "schema_version": 0,
          "attributes": {
            "content": "First file",
            "content_base64": null,
            "content_base64sha256": "0c10JFS51pIOhg4WY9YgTPh3YaN6A9AH7hddfOj74mA=",
            "content_base64sha512": "AYZc9VqLckVsK6RwEuk/+youKTQb+eBMKYV2hHSwAJw8q0hDYUnlGlv3usEL7SRNM/P1HhHMmFuC4s/dyo3uYw==",
            "content_md5": "a39e0d74f7b1612fb90a7b1b014fdbc2",
            "content_sha1": "18adfc930327c48bf64dd44b1efb3252348b57b1",
            "content_sha256": "d1cd742454b9d6920e860e1663d6204cf87761a37a03d007ee175d7ce8fbe260",
            "content_sha512": "01865cf55a8b72456c2ba47012e93ffb2a2e29341bf9e04c2985768474b0009c3cab48436149e51a5bf7bac10bed244d33f3f51e11cc985b82e2cfddca8dee63",
            "directory_permission": "0777",
            "file_permission": "0777",
            "filename": "file1.txt",
            "id": "18adfc930327c48bf64dd44b1efb3252348b57b1",
            "sensitive_content": null,
            "source": null
          },
          "sensitive_attributes": [
            [
              {
                "type": "get_attr",
                "value": "sensitive_content"
              }
            ]
          ],
          "identity_schema_version": 0
        }
      ]
    },
    {
      "mode": "managed",
      "type": "local_file",
      "name": "file2",
      "provider": "provider[\"registry.terraform.io/hashicorp/local\"]",
      "instances": [
        {
          "schema_version": 0,
          "attributes": {
            "content": "Second file",
            "content_base64": null,
            "content_base64sha256": "iHGftjxcWQtPEVEisxFThWmKBLJAUG1EarMyKMUHAk4=",
            "content_base64sha512": "WcKvxr9FVBa95SQNNRlvJxbKwbWaawbskvFWoK1XtAUUjYgVu9fzIRV+dDMYdhdKJOCJwcWYxjWD/rT2THlP6g==",
            "content_md5": "a54a9bc14fac721f4bfc75c308141fd9",
            "content_sha1": "3d188277f42012eb3ef7fa96b4a9e93cde4f5cca",
            "content_sha256": "88719fb63c5c590b4f115122b3115385698a04b240506d446ab33228c507024e",
            "content_sha512": "59c2afc6bf455416bde5240d35196f2716cac1b59a6b06ec92f156a0ad57b405148d8815bbd7f321157e74331876174a24e089c1c598c63583feb4f64c794fea",
            "directory_permission": "0777",
            "file_permission": "0777",
            "filename": "file2.txt",
            "id": "3d188277f42012eb3ef7fa96b4a9e93cde4f5cca",
            "sensitive_content": null,
            "source": null
          },
          "sensitive_attributes": [
            [
              {
                "type": "get_attr",
                "value": "sensitive_content"
              }
            ]
          ],
          "identity_schema_version": 0
        }
      ]
    }
  ],
  "check_results": null
}
